
Microsoft Visual Studio Solution File, Format Version 12.00
# Visual Studio 15
VisualStudioVersion = 15.0.26730.16
MinimumVisualStudioVersion = 10.0.40219.1
Project("{FAE04EC0-301F-11D3-BF4B-00C04F79EFBC}") = "UI", "UI\UI.csproj", "{79B761D3-EDB0-412B-949A-84BEAD9E6B3F}"
EndProject
Project("{FAE04EC0-301F-11D3-BF4B-00C04F79EFBC}") = "Entity", "Entity\Entity.csproj", "{61F43130-DD51-4721-BF43-5DA0F8C1D71D}"
EndProject
Project("{FAE04EC0-301F-11D3-BF4B-00C04F79EFBC}") = "DAL", "DAL\DAL.csproj", "{177FD03B-61B9-48BF-B9CC-D1A2D2C8E821}"
EndProject
Project("{FAE04EC0-301F-11D3-BF4B-00C04F79EFBC}") = "IDAL", "IDAL\IDAL.csproj", "{7CEA1945-E3BB-4933-8CE2-3A86674626D1}"
EndProject
Project("{FAE04EC0-301F-11D3-BF4B-00C04F79EFBC}") = "Factory", "Factory\Factory.csproj", "{F858879C-EE5A-48EF-80D4-D9B1543807CA}"
EndProject
Project("{FAE04EC0-301F-11D3-BF4B-00C04F79EFBC}") = "BLL", "BLL\BLL.csproj", "{82A5A627-B78F-434C-B92B-9AD698B54684}"
EndProject
Project("{FAE04EC0-301F-11D3-BF4B-00C04F79EFBC}") = "Facade", "Facade\Facade.csproj", "{2C8486B3-FAC0-48F7-888B-F39663A7DFA0}"
EndProject
Global
	GlobalSection(SolutionConfigurationPlatforms) = preSolution
		Debug|Any CPU = Debug|Any CPU
		Release|Any CPU = Release|Any CPU
	EndGlobalSection
	GlobalSection(ProjectConfigurationPlatforms) = postSolution
		{79B761D3-EDB0-412B-949A-84BEAD9E6B3F}.Debug|Any CPU.ActiveCfg = Debug|Any CPU
		{79B761D3-EDB0-412B-949A-84BEAD9E6B3F}.Debug|Any CPU.Build.0 = Debug|Any CPU
		{79B761D3-EDB0-412B-949A-84BEAD9E6B3F}.Release|Any CPU.ActiveCfg = Release|Any CPU
		{79B761D3-EDB0-412B-949A-84BEAD9E6B3F}.Release|Any CPU.Build.0 = Release|Any CPU
		{61F43130-DD51-4721-BF43-5DA0F8C1D71D}.Debug|Any CPU.ActiveCfg = Debug|Any CPU
		{61F43130-DD51-4721-BF43-5DA0F8C1D71D}.Debug|Any CPU.Build.0 = Debug|Any CPU
		{61F43130-DD51-4721-BF43-5DA0F8C1D71D}.Release|Any CPU.ActiveCfg = Release|Any CPU
		{61F43130-DD51-4721-BF43-5DA0F8C1D71D}.Release|Any CPU.Build.0 = Release|Any CPU
		{177FD03B-61B9-48BF-B9CC-D1A2D2C8E821}.Debug|Any CPU.ActiveCfg = Debug|Any CPU
		{177FD03B-61B9-48BF-B9CC-D1A2D2C8E821}.Debug|Any CPU.Build.0 = Debug|Any CPU
		{177FD03B-61B9-48BF-B9CC-D1A2D2C8E821}.Release|Any CPU.ActiveCfg = Release|Any CPU
		{177FD03B-61B9-48BF-B9CC-D1A2D2C8E821}.Release|Any CPU.Build.0 = Release|Any CPU
		{7CEA1945-E3BB-4933-8CE2-3A86674626D1}.Debug|Any CPU.ActiveCfg = Debug|Any CPU
		{7CEA1945-E3BB-4933-8CE2-3A86674626D1}.Debug|Any CPU.Build.0 = Debug|Any CPU
		{7CEA1945-E3BB-4933-8CE2-3A86674626D1}.Release|Any CPU.ActiveCfg = Release|Any CPU
		{7CEA1945-E3BB-4933-8CE2-3A86674626D1}.Release|Any CPU.Build.0 = Release|Any CPU
		{F858879C-EE5A-48EF-80D4-D9B1543807CA}.Debug|Any CPU.ActiveCfg = Debug|Any CPU
		{F858879C-EE5A-48EF-80D4-D9B1543807CA}.Debug|Any CPU.Build.0 = Debug|Any CPU
		{F858879C-EE5A-48EF-80D4-D9B1543807CA}.Release|Any CPU.ActiveCfg = Release|Any CPU
		{F858879C-EE5A-48EF-80D4-D9B1543807CA}.Release|Any CPU.Build.0 = Release|Any CPU
		{82A5A627-B78F-434C-B92B-9AD698B54684}.Debug|Any CPU.ActiveCfg = Debug|Any CPU
		{82A5A627-B78F-434C-B92B-9AD698B54684}.Debug|Any CPU.Build.0 = Debug|Any CPU
		{82A5A627-B78F-434C-B92B-9AD698B54684}.Release|Any CPU.ActiveCfg = Release|Any CPU
		{82A5A627-B78F-434C-B92B-9AD698B54684}.Release|Any CPU.Build.0 = Release|Any CPU
		{2C8486B3-FAC0-48F7-888B-F39663A7DFA0}.Debug|Any CPU.ActiveCfg = Debug|Any CPU
		{2C8486B3-FAC0-48F7-888B-F39663A7DFA0}.Debug|Any CPU.Build.0 = Debug|Any CPU
		{2C8486B3-FAC0-48F7-888B-F39663A7DFA0}.Release|Any CPU.ActiveCfg = Release|Any CPU
		{2C8486B3-FAC0-48F7-888B-F39663A7DFA0}.Release|Any CPU.Build.0 = Release|Any CPU
	EndGlobalSection
	GlobalSection(SolutionProperties) = preSolution
		HideSolutionNode = FALSE
	EndGlobalSection
	GlobalSection(ExtensibilityGlobals) = postSolution
		SolutionGuid = {8F1E867F-D7B0-45F5-B80C-9A82BD7AFAA7}
	EndGlobalSection
EndGlobal
